# THIS IS AN AUTOGENERATED FILE. DO NOT EDIT THIS FILE DIRECTLY.
# yarn lockfile v1


"@babel/parser@^7.20.15", "@babel/parser@^7.21.3":
  version "7.22.7"
  resolved "https://registry.yarnpkg.com/@babel/parser/-/parser-7.22.7.tgz#df8cf085ce92ddbdbf668a7f186ce848c9036cae"

"@esbuild/android-arm64@0.16.17":
  version "0.16.17"
  resolved "https://registry.yarnpkg.com/@esbuild/android-arm64/-/android-arm64-0.16.17.tgz#cf91e86df127aa3d141744edafcba0abdc577d23"

"@esbuild/android-arm@0.16.17":
  version "0.16.17"
  resolved "https://registry.yarnpkg.com/@esbuild/android-arm/-/android-arm-0.16.17.tgz#025b6246d3f68b7bbaa97069144fb5fb70f2fff2"

"@esbuild/android-x64@0.16.17":
  version "0.16.17"
  resolved "https://registry.yarnpkg.com/@esbuild/android-x64/-/android-x64-0.16.17.tgz#c820e0fef982f99a85c4b8bfdd582835f04cd96e"

"@esbuild/darwin-arm64@0.16.17":
  version "0.16.17"
  resolved "https://registry.yarnpkg.com/@esbuild/darwin-arm64/-/darwin-arm64-0.16.17.tgz#edef4487af6b21afabba7be5132c26d22379b220"

"@esbuild/darwin-x64@0.16.17":
  version "0.16.17"
  resolved "https://registry.yarnpkg.com/@esbuild/darwin-x64/-/darwin-x64-0.16.17.tgz#42829168730071c41ef0d028d8319eea0e2904b4"

"@esbuild/freebsd-arm64@0.16.17":
  version "0.16.17"
  resolved "https://registry.yarnpkg.com/@esbuild/freebsd-arm64/-/freebsd-arm64-0.16.17.tgz#1f4af488bfc7e9ced04207034d398e793b570a27"

"@esbuild/freebsd-x64@0.16.17":
  version "0.16.17"
  resolved "https://registry.yarnpkg.com/@esbuild/freebsd-x64/-/freebsd-x64-0.16.17.tgz#636306f19e9bc981e06aa1d777302dad8fddaf72"

"@esbuild/linux-arm64@0.16.17":
  version "0.16.17"
  resolved "https://registry.yarnpkg.com/@esbuild/linux-arm64/-/linux-arm64-0.16.17.tgz#a003f7ff237c501e095d4f3a09e58fc7b25a4aca"

"@esbuild/linux-arm@0.16.17":
  version "0.16.17"
  resolved "https://registry.yarnpkg.com/@esbuild/linux-arm/-/linux-arm-0.16.17.tgz#b591e6a59d9c4fe0eeadd4874b157ab78cf5f196"

"@esbuild/linux-ia32@0.16.17":
  version "0.16.17"
  resolved "https://registry.yarnpkg.com/@esbuild/linux-ia32/-/linux-ia32-0.16.17.tgz#24333a11027ef46a18f57019450a5188918e2a54"

"@esbuild/linux-loong64@0.16.17":
  version "0.16.17"
  resolved "https://registry.yarnpkg.com/@esbuild/linux-loong64/-/linux-loong64-0.16.17.tgz#d5ad459d41ed42bbd4d005256b31882ec52227d8"

"@esbuild/linux-mips64el@0.16.17":
  version "0.16.17"
  resolved "https://registry.yarnpkg.com/@esbuild/linux-mips64el/-/linux-mips64el-0.16.17.tgz#4e5967a665c38360b0a8205594377d4dcf9c3726"

"@esbuild/linux-ppc64@0.16.17":
  version "0.16.17"
  resolved "https://registry.yarnpkg.com/@esbuild/linux-ppc64/-/linux-ppc64-0.16.17.tgz#206443a02eb568f9fdf0b438fbd47d26e735afc8"

"@esbuild/linux-riscv64@0.16.17":
  version "0.16.17"
  resolved "https://registry.yarnpkg.com/@esbuild/linux-riscv64/-/linux-riscv64-0.16.17.tgz#c351e433d009bf256e798ad048152c8d76da2fc9"

"@esbuild/linux-s390x@0.16.17":
  version "0.16.17"
  resolved "https://registry.yarnpkg.com/@esbuild/linux-s390x/-/linux-s390x-0.16.17.tgz#661f271e5d59615b84b6801d1c2123ad13d9bd87"

"@esbuild/linux-x64@0.16.17":
  version "0.16.17"
  resolved "https://registry.yarnpkg.com/@esbuild/linux-x64/-/linux-x64-0.16.17.tgz#e4ba18e8b149a89c982351443a377c723762b85f"

"@esbuild/netbsd-x64@0.16.17":
  version "0.16.17"
  resolved "https://registry.yarnpkg.com/@esbuild/netbsd-x64/-/netbsd-x64-0.16.17.tgz#7d4f4041e30c5c07dd24ffa295c73f06038ec775"

"@esbuild/openbsd-x64@0.16.17":
  version "0.16.17"
  resolved "https://registry.yarnpkg.com/@esbuild/openbsd-x64/-/openbsd-x64-0.16.17.tgz#970fa7f8470681f3e6b1db0cc421a4af8060ec35"

"@esbuild/sunos-x64@0.16.17":
  version "0.16.17"
  resolved "https://registry.yarnpkg.com/@esbuild/sunos-x64/-/sunos-x64-0.16.17.tgz#abc60e7c4abf8b89fb7a4fe69a1484132238022c"

"@esbuild/win32-arm64@0.16.17":
  version "0.16.17"
  resolved "https://registry.yarnpkg.com/@esbuild/win32-arm64/-/win32-arm64-0.16.17.tgz#7b0ff9e8c3265537a7a7b1fd9a24e7bd39fcd87a"

"@esbuild/win32-ia32@0.16.17":
  version "0.16.17"
  resolved "https://registry.yarnpkg.com/@esbuild/win32-ia32/-/win32-ia32-0.16.17.tgz#e90fe5267d71a7b7567afdc403dfd198c292eb09"

"@esbuild/win32-x64@0.16.17":
  version "0.16.17"
  resolved "https://registry.yarnpkg.com/@esbuild/win32-x64/-/win32-x64-0.16.17.tgz#c5a1a4bfe1b57f0c3e61b29883525c6da3e5c091"

"@jridgewell/sourcemap-codec@^1.4.15":
  version "1.4.15"
  resolved "https://registry.yarnpkg.com/@jridgewell/sourcemap-codec/-/sourcemap-codec-1.4.15.tgz#d7c6e6755c78567a951e04ab52ef0fd26de59f32"

"@mdit-vue/plugin-component@^0.12.0":
  version "0.12.0"
  resolved "https://registry.yarnpkg.com/@mdit-vue/plugin-component/-/plugin-component-0.12.0.tgz#7a52837935e2cbc9b6cf22fd5f9349f6199fc18c"
  dependencies:
    "@types/markdown-it" "^12.2.3"
    markdown-it "^13.0.1"

"@mdit-vue/plugin-frontmatter@^0.12.0":
  version "0.12.0"
  resolved "https://registry.yarnpkg.com/@mdit-vue/plugin-frontmatter/-/plugin-frontmatter-0.12.0.tgz#fb344646241bed1bae5f8bd320c7b2f493bd8b67"
  dependencies:
    "@mdit-vue/types" "0.12.0"
    "@types/markdown-it" "^12.2.3"
    gray-matter "^4.0.3"
    markdown-it "^13.0.1"

"@mdit-vue/plugin-headers@^0.12.0":
  version "0.12.0"
  resolved "https://registry.yarnpkg.com/@mdit-vue/plugin-headers/-/plugin-headers-0.12.0.tgz#c16921e071b2766fd04a703d8d42ead00561f44c"
  dependencies:
    "@mdit-vue/shared" "0.12.0"
    "@mdit-vue/types" "0.12.0"
    "@types/markdown-it" "^12.2.3"
    markdown-it "^13.0.1"

"@mdit-vue/plugin-sfc@^0.12.0":
  version "0.12.0"
  resolved "https://registry.yarnpkg.com/@mdit-vue/plugin-sfc/-/plugin-sfc-0.12.0.tgz#2932c333657ddaf6d76664118b83c93d5dd4f727"
  dependencies:
    "@mdit-vue/types" "0.12.0"
    "@types/markdown-it" "^12.2.3"
    markdown-it "^13.0.1"

"@mdit-vue/plugin-title@^0.12.0":
  version "0.12.0"
  resolved "https://registry.yarnpkg.com/@mdit-vue/plugin-title/-/plugin-title-0.12.0.tgz#e69f33036972a7a67c3321647bdbcb1b9a5b6f4e"
  dependencies:
    "@mdit-vue/shared" "0.12.0"
    "@mdit-vue/types" "0.12.0"
    "@types/markdown-it" "^12.2.3"
    markdown-it "^13.0.1"

"@mdit-vue/plugin-toc@^0.12.0":
  version "0.12.0"
  resolved "https://registry.yarnpkg.com/@mdit-vue/plugin-toc/-/plugin-toc-0.12.0.tgz#bf8c4c4d13dc9ef8dc3c4b8213e3846312cca7f3"
  dependencies:
    "@mdit-vue/shared" "0.12.0"
    "@mdit-vue/types" "0.12.0"
    "@types/markdown-it" "^12.2.3"
    markdown-it "^13.0.1"

"@mdit-vue/shared@0.12.0", "@mdit-vue/shared@^0.12.0":
  version "0.12.0"
  resolved "https://registry.yarnpkg.com/@mdit-vue/shared/-/shared-0.12.0.tgz#e4e7d5ffb362dedb92b161fcbf05e81a3d2ac143"
  dependencies:
    "@mdit-vue/types" "0.12.0"
    "@types/markdown-it" "^12.2.3"
    markdown-it "^13.0.1"

"@mdit-vue/types@0.12.0", "@mdit-vue/types@^0.12.0":
  version "0.12.0"
  resolved "https://registry.yarnpkg.com/@mdit-vue/types/-/types-0.12.0.tgz#096ff57d3590d076f7d7561dbc9956fb0bb89fe1"

"@nodelib/fs.scandir@2.1.5":
  version "2.1.5"
  resolved "https://registry.npmjs.org/@nodelib/fs.scandir/-/fs.scandir-2.1.5.tgz"
  dependencies:
    "@nodelib/fs.stat" "2.0.5"
    run-parallel "^1.1.9"

"@nodelib/fs.stat@2.0.5", "@nodelib/fs.stat@^2.0.2":
  version "2.0.5"
  resolved "https://registry.npmjs.org/@nodelib/fs.stat/-/fs.stat-2.0.5.tgz"

"@nodelib/fs.walk@^1.2.3":
  version "1.2.8"
  resolved "https://registry.npmjs.org/@nodelib/fs.walk/-/fs.walk-1.2.8.tgz"
  dependencies:
    "@nodelib/fs.scandir" "2.1.5"
    fastq "^1.6.0"

"@types/debug@^4.1.7":
  version "4.1.7"
  resolved "https://registry.npmjs.org/@types/debug/-/debug-4.1.7.tgz"
  dependencies:
    "@types/ms" "*"

"@types/fs-extra@^11.0.1":
  version "11.0.1"
  resolved "https://registry.yarnpkg.com/@types/fs-extra/-/fs-extra-11.0.1.tgz#f542ec47810532a8a252127e6e105f487e0a6ea5"
  dependencies:
    "@types/jsonfile" "*"
    "@types/node" "*"

"@types/hash-sum@^1.0.0":
  version "1.0.0"
  resolved "https://registry.npmjs.org/@types/hash-sum/-/hash-sum-1.0.0.tgz"

"@types/jsonfile@*":
  version "6.1.1"
  resolved "https://registry.yarnpkg.com/@types/jsonfile/-/jsonfile-6.1.1.tgz#ac84e9aefa74a2425a0fb3012bdea44f58970f1b"
  dependencies:
    "@types/node" "*"

"@types/linkify-it@*":
  version "3.0.2"
  resolved "https://registry.npmjs.org/@types/linkify-it/-/linkify-it-3.0.2.tgz"

"@types/markdown-it-emoji@^2.0.2":
  version "2.0.2"
  resolved "https://registry.npmjs.org/@types/markdown-it-emoji/-/markdown-it-emoji-2.0.2.tgz"
  dependencies:
    "@types/markdown-it" "*"

"@types/markdown-it@*", "@types/markdown-it@^12.2.3":
  version "12.2.3"
  resolved "https://registry.npmjs.org/@types/markdown-it/-/markdown-it-12.2.3.tgz"
  dependencies:
    "@types/linkify-it" "*"
    "@types/mdurl" "*"

"@types/mdurl@*":
  version "1.0.2"
  resolved "https://registry.npmjs.org/@types/mdurl/-/mdurl-1.0.2.tgz"

"@types/ms@*":
  version "0.7.31"
  resolved "https://registry.npmjs.org/@types/ms/-/ms-0.7.31.tgz"

"@types/node@*":
  version "18.7.14"
  resolved "https://registry.npmjs.org/@types/node/-/node-18.7.14.tgz"

"@types/web-bluetooth@^0.0.16":
  version "0.0.16"
  resolved "https://registry.yarnpkg.com/@types/web-bluetooth/-/web-bluetooth-0.0.16.tgz#1d12873a8e49567371f2a75fe3e7f7edca6662d8"

"@vitejs/plugin-vue@^4.0.0":
  version "4.2.3"
  resolved "https://registry.yarnpkg.com/@vitejs/plugin-vue/-/plugin-vue-4.2.3.tgz#ee0b6dfcc62fe65364e6395bf38fa2ba10bb44b6"

"@vue/compiler-core@3.3.4":
  version "3.3.4"
  resolved "https://registry.yarnpkg.com/@vue/compiler-core/-/compiler-core-3.3.4.tgz#7fbf591c1c19e1acd28ffd284526e98b4f581128"
  dependencies:
    "@babel/parser" "^7.21.3"
    "@vue/shared" "3.3.4"
    estree-walker "^2.0.2"
    source-map-js "^1.0.2"

"@vue/compiler-dom@3.3.4":
  version "3.3.4"
  resolved "https://registry.yarnpkg.com/@vue/compiler-dom/-/compiler-dom-3.3.4.tgz#f56e09b5f4d7dc350f981784de9713d823341151"
  dependencies:
    "@vue/compiler-core" "3.3.4"
    "@vue/shared" "3.3.4"

"@vue/compiler-sfc@3.3.4":
  version "3.3.4"
  resolved "https://registry.yarnpkg.com/@vue/compiler-sfc/-/compiler-sfc-3.3.4.tgz#b19d942c71938893535b46226d602720593001df"
  dependencies:
    "@babel/parser" "^7.20.15"
    "@vue/compiler-core" "3.3.4"
    "@vue/compiler-dom" "3.3.4"
    "@vue/compiler-ssr" "3.3.4"
    "@vue/reactivity-transform" "3.3.4"
    "@vue/shared" "3.3.4"
    estree-walker "^2.0.2"
    magic-string "^0.30.0"
    postcss "^8.1.10"
    source-map-js "^1.0.2"

"@vue/compiler-ssr@3.3.4":
  version "3.3.4"
  resolved "https://registry.yarnpkg.com/@vue/compiler-ssr/-/compiler-ssr-3.3.4.tgz#9d1379abffa4f2b0cd844174ceec4a9721138777"
  dependencies:
    "@vue/compiler-dom" "3.3.4"
    "@vue/shared" "3.3.4"

"@vue/devtools-api@^6.5.0":
  version "6.5.0"
  resolved "https://registry.yarnpkg.com/@vue/devtools-api/-/devtools-api-6.5.0.tgz#98b99425edee70b4c992692628fa1ea2c1e57d07"

"@vue/reactivity-transform@3.3.4":
  version "3.3.4"
  resolved "https://registry.yarnpkg.com/@vue/reactivity-transform/-/reactivity-transform-3.3.4.tgz#52908476e34d6a65c6c21cd2722d41ed8ae51929"
  dependencies:
    "@babel/parser" "^7.20.15"
    "@vue/compiler-core" "3.3.4"
    "@vue/shared" "3.3.4"
    estree-walker "^2.0.2"
    magic-string "^0.30.0"

"@vue/reactivity@3.3.4":
  version "3.3.4"
  resolved "https://registry.yarnpkg.com/@vue/reactivity/-/reactivity-3.3.4.tgz#a27a29c6cd17faba5a0e99fbb86ee951653e2253"
  dependencies:
    "@vue/shared" "3.3.4"

"@vue/runtime-core@3.3.4":
  version "3.3.4"
  resolved "https://registry.yarnpkg.com/@vue/runtime-core/-/runtime-core-3.3.4.tgz#4bb33872bbb583721b340f3088888394195967d1"
  dependencies:
    "@vue/reactivity" "3.3.4"
    "@vue/shared" "3.3.4"

"@vue/runtime-dom@3.3.4":
  version "3.3.4"
  resolved "https://registry.yarnpkg.com/@vue/runtime-dom/-/runtime-dom-3.3.4.tgz#992f2579d0ed6ce961f47bbe9bfe4b6791251566"
  dependencies:
    "@vue/runtime-core" "3.3.4"
    "@vue/shared" "3.3.4"
    csstype "^3.1.1"

"@vue/server-renderer@3.3.4":
  version "3.3.4"
  resolved "https://registry.yarnpkg.com/@vue/server-renderer/-/server-renderer-3.3.4.tgz#ea46594b795d1536f29bc592dd0f6655f7ea4c4c"
  dependencies:
    "@vue/compiler-ssr" "3.3.4"
    "@vue/shared" "3.3.4"

"@vue/shared@3.3.4", "@vue/shared@^3.2.47":
  version "3.3.4"
  resolved "https://registry.yarnpkg.com/@vue/shared/-/shared-3.3.4.tgz#06e83c5027f464eef861c329be81454bc8b70780"

"@vuepress/bundler-vite@2.0.0-beta.61":
  version "2.0.0-beta.61"
  resolved "https://registry.yarnpkg.com/@vuepress/bundler-vite/-/bundler-vite-2.0.0-beta.61.tgz#cd14f061733dfd63b917738fa4b72de6dfc166d1"
  dependencies:
    "@vitejs/plugin-vue" "^4.0.0"
    "@vuepress/client" "2.0.0-beta.61"
    "@vuepress/core" "2.0.0-beta.61"
    "@vuepress/shared" "2.0.0-beta.61"
    "@vuepress/utils" "2.0.0-beta.61"
    autoprefixer "^10.4.13"
    connect-history-api-fallback "^2.0.0"
    postcss "^8.4.21"
    postcss-load-config "^4.0.1"
    rollup "^3.17.3"
    vite "~4.1.4"
    vue "^3.2.47"
    vue-router "^4.1.6"

"@vuepress/cli@2.0.0-beta.61":
  version "2.0.0-beta.61"
  resolved "https://registry.yarnpkg.com/@vuepress/cli/-/cli-2.0.0-beta.61.tgz#279784c755dde3e4868a667cb6ce7311f67bfb57"
  dependencies:
    "@vuepress/core" "2.0.0-beta.61"
    "@vuepress/shared" "2.0.0-beta.61"
    "@vuepress/utils" "2.0.0-beta.61"
    cac "^6.7.14"
    chokidar "^3.5.3"
    envinfo "^7.8.1"
    esbuild "~0.16.17"

"@vuepress/client@2.0.0-beta.61":
  version "2.0.0-beta.61"
  resolved "https://registry.yarnpkg.com/@vuepress/client/-/client-2.0.0-beta.61.tgz#d36321495924f19d468b71af48ae3a06ab626b93"
  dependencies:
    "@vue/devtools-api" "^6.5.0"
    "@vuepress/shared" "2.0.0-beta.61"
    vue "^3.2.47"
    vue-router "^4.1.6"

"@vuepress/core@2.0.0-beta.61":
  version "2.0.0-beta.61"
  resolved "https://registry.yarnpkg.com/@vuepress/core/-/core-2.0.0-beta.61.tgz#602ceb2da0b9c2fd0bc5828115c896f17521ff08"
  dependencies:
    "@vuepress/client" "2.0.0-beta.61"
    "@vuepress/markdown" "2.0.0-beta.61"
    "@vuepress/shared" "2.0.0-beta.61"
    "@vuepress/utils" "2.0.0-beta.61"
    vue "^3.2.47"

"@vuepress/markdown@2.0.0-beta.61":
  version "2.0.0-beta.61"
  resolved "https://registry.yarnpkg.com/@vuepress/markdown/-/markdown-2.0.0-beta.61.tgz#8ea7f785b25f149ec006236cc1bbe2b59161a862"
  dependencies:
    "@mdit-vue/plugin-component" "^0.12.0"
    "@mdit-vue/plugin-frontmatter" "^0.12.0"
    "@mdit-vue/plugin-headers" "^0.12.0"
    "@mdit-vue/plugin-sfc" "^0.12.0"
    "@mdit-vue/plugin-title" "^0.12.0"
    "@mdit-vue/plugin-toc" "^0.12.0"
    "@mdit-vue/shared" "^0.12.0"
    "@mdit-vue/types" "^0.12.0"
    "@types/markdown-it" "^12.2.3"
    "@types/markdown-it-emoji" "^2.0.2"
    "@vuepress/shared" "2.0.0-beta.61"
    "@vuepress/utils" "2.0.0-beta.61"
    markdown-it "^13.0.1"
    markdown-it-anchor "^8.6.7"
    markdown-it-emoji "^2.0.2"
    mdurl "^1.0.1"

"@vuepress/plugin-active-header-links@2.0.0-beta.61":
  version "2.0.0-beta.61"
  resolved "https://registry.yarnpkg.com/@vuepress/plugin-active-header-links/-/plugin-active-header-links-2.0.0-beta.61.tgz#03282f4d9cca94acaa0bf09659fcb38dbc34474a"
  dependencies:
    "@vuepress/client" "2.0.0-beta.61"
    "@vuepress/core" "2.0.0-beta.61"
    "@vuepress/utils" "2.0.0-beta.61"
    ts-debounce "^4.0.0"
    vue "^3.2.47"
    vue-router "^4.1.6"

"@vuepress/plugin-back-to-top@2.0.0-beta.61":
  version "2.0.0-beta.61"
  resolved "https://registry.yarnpkg.com/@vuepress/plugin-back-to-top/-/plugin-back-to-top-2.0.0-beta.61.tgz#b5feec33f99971cd3a0bd5bf100ead806c119d2b"
  dependencies:
    "@vuepress/client" "2.0.0-beta.61"
    "@vuepress/core" "2.0.0-beta.61"
    "@vuepress/utils" "2.0.0-beta.61"
    ts-debounce "^4.0.0"
    vue "^3.2.47"

"@vuepress/plugin-container@2.0.0-beta.61":
  version "2.0.0-beta.61"
  resolved "https://registry.yarnpkg.com/@vuepress/plugin-container/-/plugin-container-2.0.0-beta.61.tgz#2e9a12d8918b3d7a7f29c6fb44d549287b89cd93"
  dependencies:
    "@types/markdown-it" "^12.2.3"
    "@vuepress/core" "2.0.0-beta.61"
    "@vuepress/markdown" "2.0.0-beta.61"
    "@vuepress/shared" "2.0.0-beta.61"
    "@vuepress/utils" "2.0.0-beta.61"
    markdown-it "^13.0.1"
    markdown-it-container "^3.0.0"

"@vuepress/plugin-external-link-icon@2.0.0-beta.61":
  version "2.0.0-beta.61"
  resolved "https://registry.yarnpkg.com/@vuepress/plugin-external-link-icon/-/plugin-external-link-icon-2.0.0-beta.61.tgz#63d3f89d8d1869a06904fb123ca41d31a8272298"
  dependencies:
    "@vuepress/client" "2.0.0-beta.61"
    "@vuepress/core" "2.0.0-beta.61"
    "@vuepress/markdown" "2.0.0-beta.61"
    "@vuepress/shared" "2.0.0-beta.61"
    "@vuepress/utils" "2.0.0-beta.61"
    vue "^3.2.47"

"@vuepress/plugin-git@2.0.0-beta.61":
  version "2.0.0-beta.61"
  resolved "https://registry.yarnpkg.com/@vuepress/plugin-git/-/plugin-git-2.0.0-beta.61.tgz#4c7827a8f964b55fe594cd5f4f79509e0264bc5d"
  dependencies:
    "@vuepress/core" "2.0.0-beta.61"
    "@vuepress/utils" "2.0.0-beta.61"
    execa "^7.0.0"

"@vuepress/plugin-medium-zoom@2.0.0-beta.61":
  version "2.0.0-beta.61"
  resolved "https://registry.yarnpkg.com/@vuepress/plugin-medium-zoom/-/plugin-medium-zoom-2.0.0-beta.61.tgz#14dba3228b9b50ef1b170a8a1c94d858a7d2331f"
  dependencies:
    "@vuepress/client" "2.0.0-beta.61"
    "@vuepress/core" "2.0.0-beta.61"
    "@vuepress/utils" "2.0.0-beta.61"
    medium-zoom "^1.0.8"
    vue "^3.2.47"

"@vuepress/plugin-nprogress@2.0.0-beta.61":
  version "2.0.0-beta.61"
  resolved "https://registry.yarnpkg.com/@vuepress/plugin-nprogress/-/plugin-nprogress-2.0.0-beta.61.tgz#dbbd0e59177ffb3a051beb6103406c00e4f162d9"
  dependencies:
    "@vuepress/client" "2.0.0-beta.61"
    "@vuepress/core" "2.0.0-beta.61"
    "@vuepress/utils" "2.0.0-beta.61"
    vue "^3.2.47"
    vue-router "^4.1.6"

"@vuepress/plugin-palette@2.0.0-beta.61":
  version "2.0.0-beta.61"
  resolved "https://registry.yarnpkg.com/@vuepress/plugin-palette/-/plugin-palette-2.0.0-beta.61.tgz#0b907b58a57307d1e8d71b4d8713968ad4dfedb0"
  dependencies:
    "@vuepress/core" "2.0.0-beta.61"
    "@vuepress/utils" "2.0.0-beta.61"
    chokidar "^3.5.3"

"@vuepress/plugin-prismjs@2.0.0-beta.61":
  version "2.0.0-beta.61"
  resolved "https://registry.yarnpkg.com/@vuepress/plugin-prismjs/-/plugin-prismjs-2.0.0-beta.61.tgz#f9ae5b08e1ad56aa87996892b168710618654b83"
  dependencies:
    "@vuepress/core" "2.0.0-beta.61"
    prismjs "^1.29.0"

"@vuepress/plugin-theme-data@2.0.0-beta.61":
  version "2.0.0-beta.61"
  resolved "https://registry.yarnpkg.com/@vuepress/plugin-theme-data/-/plugin-theme-data-2.0.0-beta.61.tgz#f95a56c8ffb4cca8b559b4cf81ef665fe07523aa"
  dependencies:
    "@vue/devtools-api" "^6.5.0"
    "@vuepress/client" "2.0.0-beta.61"
    "@vuepress/core" "2.0.0-beta.61"
    "@vuepress/shared" "2.0.0-beta.61"
    "@vuepress/utils" "2.0.0-beta.61"
    vue "^3.2.47"

"@vuepress/shared@2.0.0-beta.61":
  version "2.0.0-beta.61"
  resolved "https://registry.yarnpkg.com/@vuepress/shared/-/shared-2.0.0-beta.61.tgz#7342602990ccf3a1a4aefcdbe8315b368ed5602b"
  dependencies:
    "@mdit-vue/types" "^0.12.0"
    "@vue/shared" "^3.2.47"

"@vuepress/theme-default@2.0.0-beta.61":
  version "2.0.0-beta.61"
  resolved "https://registry.yarnpkg.com/@vuepress/theme-default/-/theme-default-2.0.0-beta.61.tgz#71fb67713bb9a39be0d28ddd37009c503179282a"
  dependencies:
    "@vuepress/client" "2.0.0-beta.61"
    "@vuepress/core" "2.0.0-beta.61"
    "@vuepress/plugin-active-header-links" "2.0.0-beta.61"
    "@vuepress/plugin-back-to-top" "2.0.0-beta.61"
    "@vuepress/plugin-container" "2.0.0-beta.61"
    "@vuepress/plugin-external-link-icon" "2.0.0-beta.61"
    "@vuepress/plugin-git" "2.0.0-beta.61"
    "@vuepress/plugin-medium-zoom" "2.0.0-beta.61"
    "@vuepress/plugin-nprogress" "2.0.0-beta.61"
    "@vuepress/plugin-palette" "2.0.0-beta.61"
    "@vuepress/plugin-prismjs" "2.0.0-beta.61"
    "@vuepress/plugin-theme-data" "2.0.0-beta.61"
    "@vuepress/shared" "2.0.0-beta.61"
    "@vuepress/utils" "2.0.0-beta.61"
    "@vueuse/core" "^9.13.0"
    sass "^1.58.3"
    vue "^3.2.47"
    vue-router "^4.1.6"

"@vuepress/utils@2.0.0-beta.61":
  version "2.0.0-beta.61"
  resolved "https://registry.yarnpkg.com/@vuepress/utils/-/utils-2.0.0-beta.61.tgz#a073e1ad22386f1922af3e7ef6220c5286fc5239"
  dependencies:
    "@types/debug" "^4.1.7"
    "@types/fs-extra" "^11.0.1"
    "@types/hash-sum" "^1.0.0"
    "@vuepress/shared" "2.0.0-beta.61"
    debug "^4.3.4"
    fs-extra "^11.1.0"
    globby "^13.1.3"
    hash-sum "^2.0.0"
    ora "^6.1.2"
    picocolors "^1.0.0"
    upath "^2.0.1"

"@vueuse/core@^9.13.0":
  version "9.13.0"
  resolved "https://registry.yarnpkg.com/@vueuse/core/-/core-9.13.0.tgz#2f69e66d1905c1e4eebc249a01759cf88ea00cf4"
  dependencies:
    "@types/web-bluetooth" "^0.0.16"
    "@vueuse/metadata" "9.13.0"
    "@vueuse/shared" "9.13.0"
    vue-demi "*"

"@vueuse/metadata@9.13.0":
  version "9.13.0"
  resolved "https://registry.yarnpkg.com/@vueuse/metadata/-/metadata-9.13.0.tgz#bc25a6cdad1b1a93c36ce30191124da6520539ff"

"@vueuse/shared@9.13.0":
  version "9.13.0"
  resolved "https://registry.yarnpkg.com/@vueuse/shared/-/shared-9.13.0.tgz#089ff4cc4e2e7a4015e57a8f32e4b39d096353b9"
  dependencies:
    vue-demi "*"

ansi-regex@^6.0.1:
  version "6.0.1"
  resolved "https://registry.npmjs.org/ansi-regex/-/ansi-regex-6.0.1.tgz"

anymatch@~3.1.2:
  version "3.1.2"
  resolved "https://registry.npmjs.org/anymatch/-/anymatch-3.1.2.tgz"
  dependencies:
    normalize-path "^3.0.0"
    picomatch "^2.0.4"

argparse@^1.0.7:
  version "1.0.10"
  resolved "https://registry.npmjs.org/argparse/-/argparse-1.0.10.tgz"
  dependencies:
    sprintf-js "~1.0.2"

argparse@^2.0.1:
  version "2.0.1"
  resolved "https://registry.npmjs.org/argparse/-/argparse-2.0.1.tgz"

autoprefixer@^10.4.13:
  version "10.4.14"
  resolved "https://registry.yarnpkg.com/autoprefixer/-/autoprefixer-10.4.14.tgz#e28d49902f8e759dd25b153264e862df2705f79d"
  dependencies:
    browserslist "^4.21.5"
    caniuse-lite "^1.0.30001464"
    fraction.js "^4.2.0"
    normalize-range "^0.1.2"
    picocolors "^1.0.0"
    postcss-value-parser "^4.2.0"

base64-js@^1.3.1:
  version "1.5.1"
  resolved "https://registry.npmjs.org/base64-js/-/base64-js-1.5.1.tgz"

binary-extensions@^2.0.0:
  version "2.2.0"
  resolved "https://registry.npmjs.org/binary-extensions/-/binary-extensions-2.2.0.tgz"

bl@^5.0.0:
  version "5.0.0"
  resolved "https://registry.npmjs.org/bl/-/bl-5.0.0.tgz"
  dependencies:
    buffer "^6.0.3"
    inherits "^2.0.4"
    readable-stream "^3.4.0"

braces@^3.0.2, braces@~3.0.2:
  version "3.0.2"
  resolved "https://registry.npmjs.org/braces/-/braces-3.0.2.tgz"
  dependencies:
    fill-range "^7.0.1"

browserslist@^4.21.5:
  version "4.21.9"
  resolved "https://registry.yarnpkg.com/browserslist/-/browserslist-4.21.9.tgz#e11bdd3c313d7e2a9e87e8b4b0c7872b13897635"
  dependencies:
    caniuse-lite "^1.0.30001503"
    electron-to-chromium "^1.4.431"
    node-releases "^2.0.12"
    update-browserslist-db "^1.0.11"

buffer@^6.0.3:
  version "6.0.3"
  resolved "https://registry.npmjs.org/buffer/-/buffer-6.0.3.tgz"
  dependencies:
    base64-js "^1.3.1"
    ieee754 "^1.2.1"

cac@^6.7.14:
  version "6.7.14"
  resolved "https://registry.yarnpkg.com/cac/-/cac-6.7.14.tgz#804e1e6f506ee363cb0e3ccbb09cad5dd9870959"

caniuse-lite@^1.0.30001464, caniuse-lite@^1.0.30001503:
  version "1.0.30001512"
  resolved "https://registry.yarnpkg.com/caniuse-lite/-/caniuse-lite-1.0.30001512.tgz#7450843fb581c39f290305a83523c7a9ef0d4cb4"

chalk@^5.0.0:
  version "5.0.1"
  resolved "https://registry.npmjs.org/chalk/-/chalk-5.0.1.tgz"

"chokidar@>=3.0.0 <4.0.0", chokidar@^3.5.3:
  version "3.5.3"
  resolved "https://registry.npmjs.org/chokidar/-/chokidar-3.5.3.tgz"
  dependencies:
    anymatch "~3.1.2"
    braces "~3.0.2"
    glob-parent "~5.1.2"
    is-binary-path "~2.1.0"
    is-glob "~4.0.1"
    normalize-path "~3.0.0"
    readdirp "~3.6.0"
  optionalDependencies:
    fsevents "~2.3.2"

cli-cursor@^4.0.0:
  version "4.0.0"
  resolved "https://registry.npmjs.org/cli-cursor/-/cli-cursor-4.0.0.tgz"
  dependencies:
    restore-cursor "^4.0.0"

cli-spinners@^2.6.1:
  version "2.7.0"
  resolved "https://registry.npmjs.org/cli-spinners/-/cli-spinners-2.7.0.tgz"

clone@^1.0.2:
  version "1.0.4"
  resolved "https://registry.npmjs.org/clone/-/clone-1.0.4.tgz"

connect-history-api-fallback@^2.0.0:
  version "2.0.0"
  resolved "https://registry.npmjs.org/connect-history-api-fallback/-/connect-history-api-fallback-2.0.0.tgz"

cross-spawn@^7.0.3:
  version "7.0.3"
  resolved "https://registry.npmjs.org/cross-spawn/-/cross-spawn-7.0.3.tgz"
  dependencies:
    path-key "^3.1.0"
    shebang-command "^2.0.0"
    which "^2.0.1"

csstype@^3.1.1:
  version "3.1.2"
  resolved "https://registry.yarnpkg.com/csstype/-/csstype-3.1.2.tgz#1d4bf9d572f11c14031f0436e1c10bc1f571f50b"

debug@^4.3.4:
  version "4.3.4"
  resolved "https://registry.npmjs.org/debug/-/debug-4.3.4.tgz"
  dependencies:
    ms "2.1.2"

defaults@^1.0.3:
  version "1.0.3"
  resolved "https://registry.npmjs.org/defaults/-/defaults-1.0.3.tgz"
  dependencies:
    clone "^1.0.2"

dir-glob@^3.0.1:
  version "3.0.1"
  resolved "https://registry.npmjs.org/dir-glob/-/dir-glob-3.0.1.tgz"
  dependencies:
    path-type "^4.0.0"

electron-to-chromium@^1.4.431:
  version "1.4.451"
  resolved "https://registry.yarnpkg.com/electron-to-chromium/-/electron-to-chromium-1.4.451.tgz#12b63ee5c82cbbc7b4ddd91e90f5a0dfc10de26e"

entities@~3.0.1:
  version "3.0.1"
  resolved "https://registry.npmjs.org/entities/-/entities-3.0.1.tgz"

envinfo@^7.8.1:
  version "7.8.1"
  resolved "https://registry.npmjs.org/envinfo/-/envinfo-7.8.1.tgz"

esbuild@^0.16.14, esbuild@~0.16.17:
  version "0.16.17"
  resolved "https://registry.yarnpkg.com/esbuild/-/esbuild-0.16.17.tgz#fc2c3914c57ee750635fee71b89f615f25065259"
  optionalDependencies:
    "@esbuild/android-arm" "0.16.17"
    "@esbuild/android-arm64" "0.16.17"
    "@esbuild/android-x64" "0.16.17"
    "@esbuild/darwin-arm64" "0.16.17"
    "@esbuild/darwin-x64" "0.16.17"
    "@esbuild/freebsd-arm64" "0.16.17"
    "@esbuild/freebsd-x64" "0.16.17"
    "@esbuild/linux-arm" "0.16.17"
    "@esbuild/linux-arm64" "0.16.17"
    "@esbuild/linux-ia32" "0.16.17"
    "@esbuild/linux-loong64" "0.16.17"
    "@esbuild/linux-mips64el" "0.16.17"
    "@esbuild/linux-ppc64" "0.16.17"
    "@esbuild/linux-riscv64" "0.16.17"
    "@esbuild/linux-s390x" "0.16.17"
    "@esbuild/linux-x64" "0.16.17"
    "@esbuild/netbsd-x64" "0.16.17"
    "@esbuild/openbsd-x64" "0.16.17"
    "@esbuild/sunos-x64" "0.16.17"
    "@esbuild/win32-arm64" "0.16.17"
    "@esbuild/win32-ia32" "0.16.17"
    "@esbuild/win32-x64" "0.16.17"

escalade@^3.1.1:
  version "3.1.1"
  resolved "https://registry.npmjs.org/escalade/-/escalade-3.1.1.tgz"

esprima@^4.0.0:
  version "4.0.1"
  resolved "https://registry.npmjs.org/esprima/-/esprima-4.0.1.tgz"

estree-walker@^2.0.2:
  version "2.0.2"
  resolved "https://registry.npmjs.org/estree-walker/-/estree-walker-2.0.2.tgz"

execa@^7.0.0:
  version "7.1.1"
  resolved "https://registry.yarnpkg.com/execa/-/execa-7.1.1.tgz#3eb3c83d239488e7b409d48e8813b76bb55c9c43"
  dependencies:
    cross-spawn "^7.0.3"
    get-stream "^6.0.1"
    human-signals "^4.3.0"
    is-stream "^3.0.0"
    merge-stream "^2.0.0"
    npm-run-path "^5.1.0"
    onetime "^6.0.0"
    signal-exit "^3.0.7"
    strip-final-newline "^3.0.0"

extend-shallow@^2.0.1:
  version "2.0.1"
  resolved "https://registry.npmjs.org/extend-shallow/-/extend-shallow-2.0.1.tgz"
  dependencies:
    is-extendable "^0.1.0"

fast-glob@^3.3.0:
  version "3.3.0"
  resolved "https://registry.yarnpkg.com/fast-glob/-/fast-glob-3.3.0.tgz#7c40cb491e1e2ed5664749e87bfb516dbe8727c0"
  dependencies:
    "@nodelib/fs.stat" "^2.0.2"
    "@nodelib/fs.walk" "^1.2.3"
    glob-parent "^5.1.2"
    merge2 "^1.3.0"
    micromatch "^4.0.4"

fastq@^1.6.0:
  version "1.13.0"
  resolved "https://registry.npmjs.org/fastq/-/fastq-1.13.0.tgz"
  dependencies:
    reusify "^1.0.4"

fill-range@^7.0.1:
  version "7.0.1"
  resolved "https://registry.npmjs.org/fill-range/-/fill-range-7.0.1.tgz"
  dependencies:
    to-regex-range "^5.0.1"

fraction.js@^4.2.0:
  version "4.2.0"
  resolved "https://registry.npmjs.org/fraction.js/-/fraction.js-4.2.0.tgz"

fs-extra@^11.1.0:
  version "11.1.1"
  resolved "https://registry.yarnpkg.com/fs-extra/-/fs-extra-11.1.1.tgz#da69f7c39f3b002378b0954bb6ae7efdc0876e2d"
  dependencies:
    graceful-fs "^4.2.0"
    jsonfile "^6.0.1"
    universalify "^2.0.0"

fsevents@~2.3.2:
  version "2.3.2"
  resolved "https://registry.yarnpkg.com/fsevents/-/fsevents-2.3.2.tgz#8a526f78b8fdf4623b709e0b975c52c24c02fd1a"

function-bind@^1.1.1:
  version "1.1.1"
  resolved "https://registry.npmjs.org/function-bind/-/function-bind-1.1.1.tgz"

get-stream@^6.0.1:
  version "6.0.1"
  resolved "https://registry.npmjs.org/get-stream/-/get-stream-6.0.1.tgz"

glob-parent@^5.1.2, glob-parent@~5.1.2:
  version "5.1.2"
  resolved "https://registry.npmjs.org/glob-parent/-/glob-parent-5.1.2.tgz"
  dependencies:
    is-glob "^4.0.1"

globby@^13.1.3:
  version "13.2.2"
  resolved "https://registry.yarnpkg.com/globby/-/globby-13.2.2.tgz#63b90b1bf68619c2135475cbd4e71e66aa090592"
  dependencies:
    dir-glob "^3.0.1"
    fast-glob "^3.3.0"
    ignore "^5.2.4"
    merge2 "^1.4.1"
    slash "^4.0.0"

graceful-fs@^4.1.6, graceful-fs@^4.2.0:
  version "4.2.10"
  resolved "https://registry.npmjs.org/graceful-fs/-/graceful-fs-4.2.10.tgz"

gray-matter@^4.0.3:
  version "4.0.3"
  resolved "https://registry.npmjs.org/gray-matter/-/gray-matter-4.0.3.tgz"
  dependencies:
    js-yaml "^3.13.1"
    kind-of "^6.0.2"
    section-matter "^1.0.0"
    strip-bom-string "^1.0.0"

has@^1.0.3:
  version "1.0.3"
  resolved "https://registry.npmjs.org/has/-/has-1.0.3.tgz"
  dependencies:
    function-bind "^1.1.1"

hash-sum@^2.0.0:
  version "2.0.0"
  resolved "https://registry.npmjs.org/hash-sum/-/hash-sum-2.0.0.tgz"

human-signals@^4.3.0:
  version "4.3.1"
  resolved "https://registry.yarnpkg.com/human-signals/-/human-signals-4.3.1.tgz#ab7f811e851fca97ffbd2c1fe9a958964de321b2"

ieee754@^1.2.1:
  version "1.2.1"
  resolved "https://registry.npmjs.org/ieee754/-/ieee754-1.2.1.tgz"

ignore@^5.2.4:
  version "5.2.4"
  resolved "https://registry.yarnpkg.com/ignore/-/ignore-5.2.4.tgz#a291c0c6178ff1b960befe47fcdec301674a6324"

immutable@^4.0.0:
  version "4.1.0"
  resolved "https://registry.npmjs.org/immutable/-/immutable-4.1.0.tgz"

inherits@^2.0.3, inherits@^2.0.4:
  version "2.0.4"
  resolved "https://registry.npmjs.org/inherits/-/inherits-2.0.4.tgz"

is-binary-path@~2.1.0:
  version "2.1.0"
  resolved "https://registry.npmjs.org/is-binary-path/-/is-binary-path-2.1.0.tgz"
  dependencies:
    binary-extensions "^2.0.0"

is-core-module@^2.9.0:
  version "2.10.0"
  resolved "https://registry.npmjs.org/is-core-module/-/is-core-module-2.10.0.tgz"
  dependencies:
    has "^1.0.3"

is-extendable@^0.1.0:
  version "0.1.1"
  resolved "https://registry.npmjs.org/is-extendable/-/is-extendable-0.1.1.tgz"

is-extglob@^2.1.1:
  version "2.1.1"
  resolved "https://registry.npmjs.org/is-extglob/-/is-extglob-2.1.1.tgz"

is-glob@^4.0.1, is-glob@~4.0.1:
  version "4.0.3"
  resolved "https://registry.npmjs.org/is-glob/-/is-glob-4.0.3.tgz"
  dependencies:
    is-extglob "^2.1.1"

is-interactive@^2.0.0:
  version "2.0.0"
  resolved "https://registry.npmjs.org/is-interactive/-/is-interactive-2.0.0.tgz"

is-number@^7.0.0:
  version "7.0.0"
  resolved "https://registry.npmjs.org/is-number/-/is-number-7.0.0.tgz"

is-stream@^3.0.0:
  version "3.0.0"
  resolved "https://registry.npmjs.org/is-stream/-/is-stream-3.0.0.tgz"

is-unicode-supported@^1.1.0:
  version "1.2.0"
  resolved "https://registry.npmjs.org/is-unicode-supported/-/is-unicode-supported-1.2.0.tgz"

isexe@^2.0.0:
  version "2.0.0"
  resolved "https://registry.npmjs.org/isexe/-/isexe-2.0.0.tgz"

js-yaml@^3.13.1:
  version "3.14.1"
  resolved "https://registry.npmjs.org/js-yaml/-/js-yaml-3.14.1.tgz"
  dependencies:
    argparse "^1.0.7"
    esprima "^4.0.0"

jsonfile@^6.0.1:
  version "6.1.0"
  resolved "https://registry.npmjs.org/jsonfile/-/jsonfile-6.1.0.tgz"
  dependencies:
    universalify "^2.0.0"
  optionalDependencies:
    graceful-fs "^4.1.6"

kind-of@^6.0.0, kind-of@^6.0.2:
  version "6.0.3"
  resolved "https://registry.npmjs.org/kind-of/-/kind-of-6.0.3.tgz"

lilconfig@^2.0.5:
  version "2.1.0"
  resolved "https://registry.yarnpkg.com/lilconfig/-/lilconfig-2.1.0.tgz#78e23ac89ebb7e1bfbf25b18043de756548e7f52"

linkify-it@^4.0.1:
  version "4.0.1"
  resolved "https://registry.npmjs.org/linkify-it/-/linkify-it-4.0.1.tgz"
  dependencies:
    uc.micro "^1.0.1"

log-symbols@^5.1.0:
  version "5.1.0"
  resolved "https://registry.npmjs.org/log-symbols/-/log-symbols-5.1.0.tgz"
  dependencies:
    chalk "^5.0.0"
    is-unicode-supported "^1.1.0"

magic-string@^0.30.0:
  version "0.30.1"
  resolved "https://registry.yarnpkg.com/magic-string/-/magic-string-0.30.1.tgz#ce5cd4b0a81a5d032bd69aab4522299b2166284d"
  dependencies:
    "@jridgewell/sourcemap-codec" "^1.4.15"

markdown-it-anchor@^8.6.7:
  version "8.6.7"
  resolved "https://registry.yarnpkg.com/markdown-it-anchor/-/markdown-it-anchor-8.6.7.tgz#ee6926daf3ad1ed5e4e3968b1740eef1c6399634"

markdown-it-container@^3.0.0:
  version "3.0.0"
  resolved "https://registry.npmjs.org/markdown-it-container/-/markdown-it-container-3.0.0.tgz"

markdown-it-emoji@^2.0.2:
  version "2.0.2"
  resolved "https://registry.npmjs.org/markdown-it-emoji/-/markdown-it-emoji-2.0.2.tgz"

markdown-it@^13.0.1:
  version "13.0.1"
  resolved "https://registry.npmjs.org/markdown-it/-/markdown-it-13.0.1.tgz"
  dependencies:
    argparse "^2.0.1"
    entities "~3.0.1"
    linkify-it "^4.0.1"
    mdurl "^1.0.1"
    uc.micro "^1.0.5"

mdurl@^1.0.1:
  version "1.0.1"
  resolved "https://registry.npmjs.org/mdurl/-/mdurl-1.0.1.tgz"

medium-zoom@^1.0.8:
  version "1.0.8"
  resolved "https://registry.yarnpkg.com/medium-zoom/-/medium-zoom-1.0.8.tgz#2bd1fbcf2961fa7b0e318fe284462aa9b8608ed2"

merge-stream@^2.0.0:
  version "2.0.0"
  resolved "https://registry.npmjs.org/merge-stream/-/merge-stream-2.0.0.tgz"

merge2@^1.3.0, merge2@^1.4.1:
  version "1.4.1"
  resolved "https://registry.npmjs.org/merge2/-/merge2-1.4.1.tgz"

micromatch@^4.0.4:
  version "4.0.5"
  resolved "https://registry.npmjs.org/micromatch/-/micromatch-4.0.5.tgz"
  dependencies:
    braces "^3.0.2"
    picomatch "^2.3.1"

mimic-fn@^2.1.0:
  version "2.1.0"
  resolved "https://registry.npmjs.org/mimic-fn/-/mimic-fn-2.1.0.tgz"

mimic-fn@^4.0.0:
  version "4.0.0"
  resolved "https://registry.npmjs.org/mimic-fn/-/mimic-fn-4.0.0.tgz"

ms@2.1.2:
  version "2.1.2"
  resolved "https://registry.npmjs.org/ms/-/ms-2.1.2.tgz"

nanoid@^3.3.4:
  version "3.3.4"
  resolved "https://registry.npmjs.org/nanoid/-/nanoid-3.3.4.tgz"

nanoid@^3.3.6:
  version "3.3.6"
  resolved "https://registry.yarnpkg.com/nanoid/-/nanoid-3.3.6.tgz#443380c856d6e9f9824267d960b4236ad583ea4c"

node-releases@^2.0.12:
  version "2.0.12"
  resolved "https://registry.yarnpkg.com/node-releases/-/node-releases-2.0.12.tgz#35627cc224a23bfb06fb3380f2b3afaaa7eb1039"

normalize-path@^3.0.0, normalize-path@~3.0.0:
  version "3.0.0"
  resolved "https://registry.npmjs.org/normalize-path/-/normalize-path-3.0.0.tgz"

normalize-range@^0.1.2:
  version "0.1.2"
  resolved "https://registry.npmjs.org/normalize-range/-/normalize-range-0.1.2.tgz"

npm-run-path@^5.1.0:
  version "5.1.0"
  resolved "https://registry.npmjs.org/npm-run-path/-/npm-run-path-5.1.0.tgz"
  dependencies:
    path-key "^4.0.0"

onetime@^5.1.0:
  version "5.1.2"
  resolved "https://registry.npmjs.org/onetime/-/onetime-5.1.2.tgz"
  dependencies:
    mimic-fn "^2.1.0"

onetime@^6.0.0:
  version "6.0.0"
  resolved "https://registry.npmjs.org/onetime/-/onetime-6.0.0.tgz"
  dependencies:
    mimic-fn "^4.0.0"

ora@^6.1.2:
  version "6.1.2"
  resolved "https://registry.npmjs.org/ora/-/ora-6.1.2.tgz"
  dependencies:
    bl "^5.0.0"
    chalk "^5.0.0"
    cli-cursor "^4.0.0"
    cli-spinners "^2.6.1"
    is-interactive "^2.0.0"
    is-unicode-supported "^1.1.0"
    log-symbols "^5.1.0"
    strip-ansi "^7.0.1"
    wcwidth "^1.0.1"

path-key@^3.1.0:
  version "3.1.1"
  resolved "https://registry.npmjs.org/path-key/-/path-key-3.1.1.tgz"

path-key@^4.0.0:
  version "4.0.0"
  resolved "https://registry.npmjs.org/path-key/-/path-key-4.0.0.tgz"

path-parse@^1.0.7:
  version "1.0.7"
  resolved "https://registry.npmjs.org/path-parse/-/path-parse-1.0.7.tgz"

path-type@^4.0.0:
  version "4.0.0"
  resolved "https://registry.npmjs.org/path-type/-/path-type-4.0.0.tgz"

picocolors@^1.0.0:
  version "1.0.0"
  resolved "https://registry.npmjs.org/picocolors/-/picocolors-1.0.0.tgz"

picomatch@^2.0.4, picomatch@^2.2.1, picomatch@^2.3.1:
  version "2.3.1"
  resolved "https://registry.npmjs.org/picomatch/-/picomatch-2.3.1.tgz"

postcss-load-config@^4.0.1:
  version "4.0.1"
  resolved "https://registry.yarnpkg.com/postcss-load-config/-/postcss-load-config-4.0.1.tgz#152383f481c2758274404e4962743191d73875bd"
  dependencies:
    lilconfig "^2.0.5"
    yaml "^2.1.1"

postcss-value-parser@^4.2.0:
  version "4.2.0"
  resolved "https://registry.npmjs.org/postcss-value-parser/-/postcss-value-parser-4.2.0.tgz"

postcss@^8.1.10:
  version "8.4.16"
  resolved "https://registry.npmjs.org/postcss/-/postcss-8.4.16.tgz"
  dependencies:
    nanoid "^3.3.4"
    picocolors "^1.0.0"
    source-map-js "^1.0.2"

postcss@^8.4.21:
  version "8.4.25"
  resolved "https://registry.yarnpkg.com/postcss/-/postcss-8.4.25.tgz#4a133f5e379eda7f61e906c3b1aaa9b81292726f"
  dependencies:
    nanoid "^3.3.6"
    picocolors "^1.0.0"
    source-map-js "^1.0.2"

prismjs@^1.29.0:
  version "1.29.0"
  resolved "https://registry.yarnpkg.com/prismjs/-/prismjs-1.29.0.tgz#f113555a8fa9b57c35e637bba27509dcf802dd12"

queue-microtask@^1.2.2:
  version "1.2.3"
  resolved "https://registry.npmjs.org/queue-microtask/-/queue-microtask-1.2.3.tgz"

readable-stream@^3.4.0:
  version "3.6.0"
  resolved "https://registry.npmjs.org/readable-stream/-/readable-stream-3.6.0.tgz"
  dependencies:
    inherits "^2.0.3"
    string_decoder "^1.1.1"
    util-deprecate "^1.0.1"

readdirp@~3.6.0:
  version "3.6.0"
  resolved "https://registry.npmjs.org/readdirp/-/readdirp-3.6.0.tgz"
  dependencies:
    picomatch "^2.2.1"

resolve@^1.22.1:
  version "1.22.1"
  resolved "https://registry.npmjs.org/resolve/-/resolve-1.22.1.tgz"
  dependencies:
    is-core-module "^2.9.0"
    path-parse "^1.0.7"
    supports-preserve-symlinks-flag "^1.0.0"

restore-cursor@^4.0.0:
  version "4.0.0"
  resolved "https://registry.npmjs.org/restore-cursor/-/restore-cursor-4.0.0.tgz"
  dependencies:
    onetime "^5.1.0"
    signal-exit "^3.0.2"

reusify@^1.0.4:
  version "1.0.4"
  resolved "https://registry.npmjs.org/reusify/-/reusify-1.0.4.tgz"

rollup@^3.10.0, rollup@^3.17.3:
  version "3.26.2"
  resolved "https://registry.yarnpkg.com/rollup/-/rollup-3.26.2.tgz#2e76a37606cb523fc9fef43e6f59c93f86d95e7c"
  optionalDependencies:
    fsevents "~2.3.2"

run-parallel@^1.1.9:
  version "1.2.0"
  resolved "https://registry.npmjs.org/run-parallel/-/run-parallel-1.2.0.tgz"
  dependencies:
    queue-microtask "^1.2.2"

safe-buffer@~5.2.0:
  version "5.2.1"
  resolved "https://registry.npmjs.org/safe-buffer/-/safe-buffer-5.2.1.tgz"

sass@^1.58.3:
  version "1.63.6"
  resolved "https://registry.yarnpkg.com/sass/-/sass-1.63.6.tgz#481610e612902e0c31c46b46cf2dad66943283ea"
  dependencies:
    chokidar ">=3.0.0 <4.0.0"
    immutable "^4.0.0"
    source-map-js ">=0.6.2 <2.0.0"

section-matter@^1.0.0:
  version "1.0.0"
  resolved "https://registry.npmjs.org/section-matter/-/section-matter-1.0.0.tgz"
  dependencies:
    extend-shallow "^2.0.1"
    kind-of "^6.0.0"

shebang-command@^2.0.0:
  version "2.0.0"
  resolved "https://registry.npmjs.org/shebang-command/-/shebang-command-2.0.0.tgz"
  dependencies:
    shebang-regex "^3.0.0"

shebang-regex@^3.0.0:
  version "3.0.0"
  resolved "https://registry.npmjs.org/shebang-regex/-/shebang-regex-3.0.0.tgz"

signal-exit@^3.0.2, signal-exit@^3.0.7:
  version "3.0.7"
  resolved "https://registry.npmjs.org/signal-exit/-/signal-exit-3.0.7.tgz"

slash@^4.0.0:
  version "4.0.0"
  resolved "https://registry.npmjs.org/slash/-/slash-4.0.0.tgz"

"source-map-js@>=0.6.2 <2.0.0", source-map-js@^1.0.2:
  version "1.0.2"
  resolved "https://registry.npmjs.org/source-map-js/-/source-map-js-1.0.2.tgz"

sprintf-js@~1.0.2:
  version "1.0.3"
  resolved "https://registry.npmjs.org/sprintf-js/-/sprintf-js-1.0.3.tgz"

string_decoder@^1.1.1:
  version "1.3.0"
  resolved "https://registry.npmjs.org/string_decoder/-/string_decoder-1.3.0.tgz"
  dependencies:
    safe-buffer "~5.2.0"

strip-ansi@^7.0.1:
  version "7.0.1"
  resolved "https://registry.npmjs.org/strip-ansi/-/strip-ansi-7.0.1.tgz"
  dependencies:
    ansi-regex "^6.0.1"

strip-bom-string@^1.0.0:
  version "1.0.0"
  resolved "https://registry.npmjs.org/strip-bom-string/-/strip-bom-string-1.0.0.tgz"

strip-final-newline@^3.0.0:
  version "3.0.0"
  resolved "https://registry.npmjs.org/strip-final-newline/-/strip-final-newline-3.0.0.tgz"

supports-preserve-symlinks-flag@^1.0.0:
  version "1.0.0"
  resolved "https://registry.npmjs.org/supports-preserve-symlinks-flag/-/supports-preserve-symlinks-flag-1.0.0.tgz"

to-regex-range@^5.0.1:
  version "5.0.1"
  resolved "https://registry.npmjs.org/to-regex-range/-/to-regex-range-5.0.1.tgz"
  dependencies:
    is-number "^7.0.0"

ts-debounce@^4.0.0:
  version "4.0.0"
  resolved "https://registry.npmjs.org/ts-debounce/-/ts-debounce-4.0.0.tgz"

uc.micro@^1.0.1, uc.micro@^1.0.5:
  version "1.0.6"
  resolved "https://registry.npmjs.org/uc.micro/-/uc.micro-1.0.6.tgz"

universalify@^2.0.0:
  version "2.0.0"
  resolved "https://registry.npmjs.org/universalify/-/universalify-2.0.0.tgz"

upath@^2.0.1:
  version "2.0.1"
  resolved "https://registry.npmjs.org/upath/-/upath-2.0.1.tgz"

update-browserslist-db@^1.0.11:
  version "1.0.11"
  resolved "https://registry.yarnpkg.com/update-browserslist-db/-/update-browserslist-db-1.0.11.tgz#9a2a641ad2907ae7b3616506f4b977851db5b940"
  dependencies:
    escalade "^3.1.1"
    picocolors "^1.0.0"

util-deprecate@^1.0.1:
  version "1.0.2"
  resolved "https://registry.npmjs.org/util-deprecate/-/util-deprecate-1.0.2.tgz"

vite@~4.1.4:
  version "4.1.5"
  resolved "https://registry.yarnpkg.com/vite/-/vite-4.1.5.tgz#9c93d579f62179ab99c4182fa37acf1b380a374b"
  dependencies:
    esbuild "^0.16.14"
    postcss "^8.4.21"
    resolve "^1.22.1"
    rollup "^3.10.0"
  optionalDependencies:
    fsevents "~2.3.2"

vue-demi@*:
  version "0.13.11"
  resolved "https://registry.npmjs.org/vue-demi/-/vue-demi-0.13.11.tgz"

vue-router@^4.1.6:
  version "4.2.4"
  resolved "https://registry.yarnpkg.com/vue-router/-/vue-router-4.2.4.tgz#382467a7e2923e6a85f015d081e1508052c191b9"
  dependencies:
    "@vue/devtools-api" "^6.5.0"

vue@^3.2.47:
  version "3.3.4"
  resolved "https://registry.yarnpkg.com/vue/-/vue-3.3.4.tgz#8ed945d3873667df1d0fcf3b2463ada028f88bd6"
  dependencies:
    "@vue/compiler-dom" "3.3.4"
    "@vue/compiler-sfc" "3.3.4"
    "@vue/runtime-dom" "3.3.4"
    "@vue/server-renderer" "3.3.4"
    "@vue/shared" "3.3.4"

vuepress-vite@2.0.0-beta.61:
  version "2.0.0-beta.61"
  resolved "https://registry.yarnpkg.com/vuepress-vite/-/vuepress-vite-2.0.0-beta.61.tgz#04058551e6be014e9f2dee14c5d8043b158e032d"
  dependencies:
    "@vuepress/bundler-vite" "2.0.0-beta.61"
    "@vuepress/cli" "2.0.0-beta.61"
    "@vuepress/core" "2.0.0-beta.61"
    "@vuepress/theme-default" "2.0.0-beta.61"

vuepress@2.0.0-beta.61:
  version "2.0.0-beta.61"
  resolved "https://registry.yarnpkg.com/vuepress/-/vuepress-2.0.0-beta.61.tgz#f89741a505b71fbe49dba83d8319b1fd0d45116c"
  dependencies:
    vuepress-vite "2.0.0-beta.61"

wcwidth@^1.0.1:
  version "1.0.1"
  resolved "https://registry.npmjs.org/wcwidth/-/wcwidth-1.0.1.tgz"
  dependencies:
    defaults "^1.0.3"

which@^2.0.1:
  version "2.0.2"
  resolved "https://registry.npmjs.org/which/-/which-2.0.2.tgz"
  dependencies:
    isexe "^2.0.0"

yaml@^2.1.1:
  version "2.3.1"
  resolved "https://registry.yarnpkg.com/yaml/-/yaml-2.3.1.tgz#02fe0975d23cd441242aa7204e09fc28ac2ac33b"
